
Microsoft Visual Studio Solution File, Format Version 12.00
# Visual Studio Version 17
VisualStudioVersion = 17.11.35431.28
MinimumVisualStudioVersion = 10.0.40219.1
Project("{FAE04EC0-301F-11D3-BF4B-00C04F79EFBC}") = "Lab11", "Lab11.csproj", "{F4A1D213-67CD-4458-9278-0FBD30379899}"
EndProject
Global
	GlobalSection(SolutionConfigurationPlatforms) = preSolution
		Debug|Any CPU = Debug|Any CPU
		Release|Any CPU = Release|Any CPU
	EndGlobalSection
	GlobalSection(ProjectConfigurationPlatforms) = postSolution
		{F4A1D213-67CD-4458-9278-0FBD30379899}.Debug|Any CPU.ActiveCfg = Debug|Any CPU
		{F4A1D213-67CD-4458-9278-0FBD30379899}.Debug|Any CPU.Build.0 = Debug|Any CPU
		{F4A1D213-67CD-4458-9278-0FBD30379899}.Release|Any CPU.ActiveCfg = Release|Any CPU
		{F4A1D213-67CD-4458-9278-0FBD30379899}.Release|Any CPU.Build.0 = Release|Any CPU
	EndGlobalSection
	GlobalSection(SolutionProperties) = preSolution
		HideSolutionNode = FALSE
	EndGlobalSection
	GlobalSection(ExtensibilityGlobals) = postSolution
		SolutionGuid = {7DF0D0D0-3B01-4F4B-89CC-38A4A70A2D1B}
	EndGlobalSection
EndGlobal
