
Microsoft Visual Studio Solution File, Format Version 12.00
# Visual Studio Version 17
VisualStudioVersion = 17.11.35431.28
MinimumVisualStudioVersion = 10.0.40219.1
Project("{FAE04EC0-301F-11D3-BF4B-00C04F79EFBC}") = "Lab14", "Lab14.csproj", "{DFAE8CE7-0495-43E4-82BA-3AF37BE1081A}"
EndProject
Global
	GlobalSection(SolutionConfigurationPlatforms) = preSolution
		Debug|Any CPU = Debug|Any CPU
		Release|Any CPU = Release|Any CPU
	EndGlobalSection
	GlobalSection(ProjectConfigurationPlatforms) = postSolution
		{DFAE8CE7-0495-43E4-82BA-3AF37BE1081A}.Debug|Any CPU.ActiveCfg = Debug|Any CPU
		{DFAE8CE7-0495-43E4-82BA-3AF37BE1081A}.Debug|Any CPU.Build.0 = Debug|Any CPU
		{DFAE8CE7-0495-43E4-82BA-3AF37BE1081A}.Release|Any CPU.ActiveCfg = Release|Any CPU
		{DFAE8CE7-0495-43E4-82BA-3AF37BE1081A}.Release|Any CPU.Build.0 = Release|Any CPU
	EndGlobalSection
	GlobalSection(SolutionProperties) = preSolution
		HideSolutionNode = FALSE
	EndGlobalSection
	GlobalSection(ExtensibilityGlobals) = postSolution
		SolutionGuid = {7A215CE4-9AF4-49D9-B2A5-4E2057FA6C59}
	EndGlobalSection
EndGlobal
