
Microsoft Visual Studio Solution File, Format Version 12.00
# Visual Studio Version 17
VisualStudioVersion = 17.11.35431.28
MinimumVisualStudioVersion = 10.0.40219.1
Project("{FAE04EC0-301F-11D3-BF4B-00C04F79EFBC}") = "Lab12", "Lab12.csproj", "{D5471B57-9F99-442E-A3AF-A7EB51BDEA2B}"
EndProject
Global
	GlobalSection(SolutionConfigurationPlatforms) = preSolution
		Debug|Any CPU = Debug|Any CPU
		Release|Any CPU = Release|Any CPU
	EndGlobalSection
	GlobalSection(ProjectConfigurationPlatforms) = postSolution
		{D5471B57-9F99-442E-A3AF-A7EB51BDEA2B}.Debug|Any CPU.ActiveCfg = Debug|Any CPU
		{D5471B57-9F99-442E-A3AF-A7EB51BDEA2B}.Debug|Any CPU.Build.0 = Debug|Any CPU
		{D5471B57-9F99-442E-A3AF-A7EB51BDEA2B}.Release|Any CPU.ActiveCfg = Release|Any CPU
		{D5471B57-9F99-442E-A3AF-A7EB51BDEA2B}.Release|Any CPU.Build.0 = Release|Any CPU
	EndGlobalSection
	GlobalSection(SolutionProperties) = preSolution
		HideSolutionNode = FALSE
	EndGlobalSection
	GlobalSection(ExtensibilityGlobals) = postSolution
		SolutionGuid = {3D000CB6-F3EB-4861-86B1-BFA3E4D4F534}
	EndGlobalSection
EndGlobal
