
Microsoft Visual Studio Solution File, Format Version 12.00
# Visual Studio Version 17
VisualStudioVersion = 17.11.35431.28
MinimumVisualStudioVersion = 10.0.40219.1
Project("{FAE04EC0-301F-11D3-BF4B-00C04F79EFBC}") = "Lab7", "Lab7.csproj", "{F8FB1147-E222-4329-A2A8-7F022B4D3A94}"
EndProject
Global
	GlobalSection(SolutionConfigurationPlatforms) = preSolution
		Debug|Any CPU = Debug|Any CPU
		Release|Any CPU = Release|Any CPU
	EndGlobalSection
	GlobalSection(ProjectConfigurationPlatforms) = postSolution
		{F8FB1147-E222-4329-A2A8-7F022B4D3A94}.Debug|Any CPU.ActiveCfg = Debug|Any CPU
		{F8FB1147-E222-4329-A2A8-7F022B4D3A94}.Debug|Any CPU.Build.0 = Debug|Any CPU
		{F8FB1147-E222-4329-A2A8-7F022B4D3A94}.Release|Any CPU.ActiveCfg = Release|Any CPU
		{F8FB1147-E222-4329-A2A8-7F022B4D3A94}.Release|Any CPU.Build.0 = Release|Any CPU
	EndGlobalSection
	GlobalSection(SolutionProperties) = preSolution
		HideSolutionNode = FALSE
	EndGlobalSection
	GlobalSection(ExtensibilityGlobals) = postSolution
		SolutionGuid = {B89A22D4-CC10-416E-9FAA-2A3E0286AC7E}
	EndGlobalSection
EndGlobal
